// !$*UTF8*$!
{
	archiveVersion = 1;
	classes = {
	};
	objectVersion = 46;
	objects = {

/* Begin PBXBuildFile section */
		860659281EF1680100990C05 /* AppDelegate.swift in Sources */ = {isa = PBXBuildFile; fileRef = 860659271EF1680100990C05 /* AppDelegate.swift */; };
		8606592A1EF1680100990C05 /* MapViewController.swift in Sources */ = {isa = PBXBuildFile; fileRef = 860659291EF1680100990C05 /* MapViewController.swift */; };
		8606592D1EF1680100990C05 /* Main.storyboard in Resources */ = {isa = PBXBuildFile; fileRef = 8606592B1EF1680100990C05 /* Main.storyboard */; };
		8606592F1EF1680100990C05 /* Assets.xcassets in Resources */ = {isa = PBXBuildFile; fileRef = 8606592E1EF1680100990C05 /* Assets.xcassets */; };
		860659321EF1680100990C05 /* LaunchScreen.storyboard in Resources */ = {isa = PBXBuildFile; fileRef = 860659301EF1680100990C05 /* LaunchScreen.storyboard */; };
		8606593D1EF1680100990C05 /* VirtualTouristTests.swift in Sources */ = {isa = PBXBuildFile; fileRef = 8606593C1EF1680100990C05 /* VirtualTouristTests.swift */; };
		860659481EF1680100990C05 /* VirtualTouristUITests.swift in Sources */ = {isa = PBXBuildFile; fileRef = 860659471EF1680100990C05 /* VirtualTouristUITests.swift */; };
		8615B2061EF5B63A00771F31 /* PhotoCell.swift in Sources */ = {isa = PBXBuildFile; fileRef = 8615B2051EF5B63A00771F31 /* PhotoCell.swift */; };
		8615B20B1EF5D4C600771F31 /* VirtualTouristModel.xcdatamodeld in Sources */ = {isa = PBXBuildFile; fileRef = 8615B2091EF5D4C600771F31 /* VirtualTouristModel.xcdatamodeld */; };
		8615B2191EF5FE1000771F31 /* VTAnnotation.swift in Sources */ = {isa = PBXBuildFile; fileRef = 8615B2181EF5FE1000771F31 /* VTAnnotation.swift */; };
		863E47DB1F65FBDB00F4B6E6 /* AppInfoViewController.swift in Sources */ = {isa = PBXBuildFile; fileRef = 863E47DA1F65FBDB00F4B6E6 /* AppInfoViewController.swift */; };
		865BAE6E1F1AC1F9001D3C61 /* Pin+CoreDataClass.swift in Sources */ = {isa = PBXBuildFile; fileRef = 865BAE6C1F1AC1F9001D3C61 /* Pin+CoreDataClass.swift */; };
		86C10DC11F368D7C001A2E00 /* Pin+CoreDataProperties.swift in Sources */ = {isa = PBXBuildFile; fileRef = 86C10DC01F368D7C001A2E00 /* Pin+CoreDataProperties.swift */; };
		86D293E31F1865B6003DF8B1 /* Flick+CoreDataClass.swift in Sources */ = {isa = PBXBuildFile; fileRef = 86D293DD1F1865B6003DF8B1 /* Flick+CoreDataClass.swift */; };
		86D293E41F1865B6003DF8B1 /* Flick+CoreDataProperties.swift in Sources */ = {isa = PBXBuildFile; fileRef = 86D293DE1F1865B6003DF8B1 /* Flick+CoreDataProperties.swift */; };
		86D293E51F1865B6003DF8B1 /* Coordinate+CoreDataClass.swift in Sources */ = {isa = PBXBuildFile; fileRef = 86D293DF1F1865B6003DF8B1 /* Coordinate+CoreDataClass.swift */; };
		86D293E61F1865B6003DF8B1 /* Coordinate+CoreDataProperties.swift in Sources */ = {isa = PBXBuildFile; fileRef = 86D293E01F1865B6003DF8B1 /* Coordinate+CoreDataProperties.swift */; };
		86D293E81F1865F0003DF8B1 /* CoreDataStack.swift in Sources */ = {isa = PBXBuildFile; fileRef = 86D293E71F1865F0003DF8B1 /* CoreDataStack.swift */; };
		86DBB9141EF2158900495478 /* ViewController+Extensions.swift in Sources */ = {isa = PBXBuildFile; fileRef = 86DBB9131EF2158900495478 /* ViewController+Extensions.swift */; };
		86E607B71EF40AB200F79798 /* Networking.swift in Sources */ = {isa = PBXBuildFile; fileRef = 86E607B61EF40AB200F79798 /* Networking.swift */; };
		86E607B91EF4142100F79798 /* AlbumViewController.swift in Sources */ = {isa = PBXBuildFile; fileRef = 86E607B81EF4142100F79798 /* AlbumViewController.swift */; };
		86F9B6D61EF4D6250003EA30 /* FlickrAPI.swift in Sources */ = {isa = PBXBuildFile; fileRef = 86F9B6D51EF4D6250003EA30 /* FlickrAPI.swift */; };
/* End PBXBuildFile section */

/* Begin PBXContainerItemProxy section */
		860659391EF1680100990C05 /* PBXContainerItemProxy */ = {
			isa = PBXContainerItemProxy;
			containerPortal = 8606591C1EF1680100990C05 /* Project object */;
			proxyType = 1;
			remoteGlobalIDString = 860659231EF1680100990C05;
			remoteInfo = VirtualTourist;
		};
		860659441EF1680100990C05 /* PBXContainerItemProxy */ = {
			isa = PBXContainerItemProxy;
			containerPortal = 8606591C1EF1680100990C05 /* Project object */;
			proxyType = 1;
			remoteGlobalIDString = 860659231EF1680100990C05;
			remoteInfo = VirtualTourist;
		};
/* End PBXContainerItemProxy section */

/* Begin PBXFileReference section */
		860659241EF1680100990C05 /* VirtualTourist.app */ = {isa = PBXFileReference; explicitFileType = wrapper.application; includeInIndex = 0; path = VirtualTourist.app; sourceTree = BUILT_PRODUCTS_DIR; };
		860659271EF1680100990C05 /* AppDelegate.swift */ = {isa = PBXFileReference; lastKnownFileType = sourcecode.swift; path = AppDelegate.swift; sourceTree = "<group>"; };
		860659291EF1680100990C05 /* MapViewController.swift */ = {isa = PBXFileReference; lastKnownFileType = sourcecode.swift; path = MapViewController.swift; sourceTree = "<group>"; };
		8606592C1EF1680100990C05 /* Base */ = {isa = PBXFileReference; lastKnownFileType = file.storyboard; name = Base; path = Base.lproj/Main.storyboard; sourceTree = "<group>"; };
		8606592E1EF1680100990C05 /* Assets.xcassets */ = {isa = PBXFileReference; lastKnownFileType = folder.assetcatalog; path = Assets.xcassets; sourceTree = "<group>"; };
		860659311EF1680100990C05 /* Base */ = {isa = PBXFileReference; lastKnownFileType = file.storyboard; name = Base; path = Base.lproj/LaunchScreen.storyboard; sourceTree = "<group>"; };
		860659331EF1680100990C05 /* Info.plist */ = {isa = PBXFileReference; lastKnownFileType = text.plist.xml; path = Info.plist; sourceTree = "<group>"; };
		860659381EF1680100990C05 /* VirtualTouristTests.xctest */ = {isa = PBXFileReference; explicitFileType = wrapper.cfbundle; includeInIndex = 0; path = VirtualTouristTests.xctest; sourceTree = BUILT_PRODUCTS_DIR; };
		8606593C1EF1680100990C05 /* VirtualTouristTests.swift */ = {isa = PBXFileReference; lastKnownFileType = sourcecode.swift; path = VirtualTouristTests.swift; sourceTree = "<group>"; };
		8606593E1EF1680100990C05 /* Info.plist */ = {isa = PBXFileReference; lastKnownFileType = text.plist.xml; path = Info.plist; sourceTree = "<group>"; };
		860659431EF1680100990C05 /* VirtualTouristUITests.xctest */ = {isa = PBXFileReference; explicitFileType = wrapper.cfbundle; includeInIndex = 0; path = VirtualTouristUITests.xctest; sourceTree = BUILT_PRODUCTS_DIR; };
		860659471EF1680100990C05 /* VirtualTouristUITests.swift */ = {isa = PBXFileReference; lastKnownFileType = sourcecode.swift; path = VirtualTouristUITests.swift; sourceTree = "<group>"; };
		860659491EF1680100990C05 /* Info.plist */ = {isa = PBXFileReference; lastKnownFileType = text.plist.xml; path = Info.plist; sourceTree = "<group>"; };
		8615B2051EF5B63A00771F31 /* PhotoCell.swift */ = {isa = PBXFileReference; fileEncoding = 4; lastKnownFileType = sourcecode.swift; path = PhotoCell.swift; sourceTree = "<group>"; };
		8615B20A1EF5D4C600771F31 /* VirtualTouristModel.xcdatamodel */ = {isa = PBXFileReference; lastKnownFileType = wrapper.xcdatamodel; path = VirtualTouristModel.xcdatamodel; sourceTree = "<group>"; };
		8615B2181EF5FE1000771F31 /* VTAnnotation.swift */ = {isa = PBXFileReference; fileEncoding = 4; lastKnownFileType = sourcecode.swift; path = VTAnnotation.swift; sourceTree = "<group>"; };
		863E47DA1F65FBDB00F4B6E6 /* AppInfoViewController.swift */ = {isa = PBXFileReference; fileEncoding = 4; lastKnownFileType = sourcecode.swift; path = AppInfoViewController.swift; sourceTree = "<group>"; };
		865BAE6C1F1AC1F9001D3C61 /* Pin+CoreDataClass.swift */ = {isa = PBXFileReference; fileEncoding = 4; lastKnownFileType = sourcecode.swift; name = "Pin+CoreDataClass.swift"; path = "../Pin+CoreDataClass.swift"; sourceTree = "<group>"; };
		86C10DC01F368D7C001A2E00 /* Pin+CoreDataProperties.swift */ = {isa = PBXFileReference; fileEncoding = 4; lastKnownFileType = sourcecode.swift; name = "Pin+CoreDataProperties.swift"; path = "../Pin+CoreDataProperties.swift"; sourceTree = "<group>"; };
		86D293DD1F1865B6003DF8B1 /* Flick+CoreDataClass.swift */ = {isa = PBXFileReference; fileEncoding = 4; lastKnownFileType = sourcecode.swift; name = "Flick+CoreDataClass.swift"; path = "../Flick+CoreDataClass.swift"; sourceTree = "<group>"; };
		86D293DE1F1865B6003DF8B1 /* Flick+CoreDataProperties.swift */ = {isa = PBXFileReference; fileEncoding = 4; lastKnownFileType = sourcecode.swift; name = "Flick+CoreDataProperties.swift"; path = "../Flick+CoreDataProperties.swift"; sourceTree = "<group>"; };
		86D293DF1F1865B6003DF8B1 /* Coordinate+CoreDataClass.swift */ = {isa = PBXFileReference; fileEncoding = 4; lastKnownFileType = sourcecode.swift; name = "Coordinate+CoreDataClass.swift"; path = "../Coordinate+CoreDataClass.swift"; sourceTree = "<group>"; };
		86D293E01F1865B6003DF8B1 /* Coordinate+CoreDataProperties.swift */ = {isa = PBXFileReference; fileEncoding = 4; lastKnownFileType = sourcecode.swift; name = "Coordinate+CoreDataProperties.swift"; path = "../Coordinate+CoreDataProperties.swift"; sourceTree = "<group>"; };
		86D293E71F1865F0003DF8B1 /* CoreDataStack.swift */ = {isa = PBXFileReference; fileEncoding = 4; lastKnownFileType = sourcecode.swift; path = CoreDataStack.swift; sourceTree = "<group>"; };
		86DBB9131EF2158900495478 /* ViewController+Extensions.swift */ = {isa = PBXFileReference; fileEncoding = 4; lastKnownFileType = sourcecode.swift; path = "ViewController+Extensions.swift"; sourceTree = "<group>"; };
		86E607B61EF40AB200F79798 /* Networking.swift */ = {isa = PBXFileReference; fileEncoding = 4; lastKnownFileType = sourcecode.swift; path = Networking.swift; sourceTree = "<group>"; };
		86E607B81EF4142100F79798 /* AlbumViewController.swift */ = {isa = PBXFileReference; fileEncoding = 4; lastKnownFileType = sourcecode.swift; path = AlbumViewController.swift; sourceTree = "<group>"; };
		86F9B6D51EF4D6250003EA30 /* FlickrAPI.swift */ = {isa = PBXFileReference; fileEncoding = 4; lastKnownFileType = sourcecode.swift; path = FlickrAPI.swift; sourceTree = "<group>"; };
/* End PBXFileReference section */

/* Begin PBXFrameworksBuildPhase section */
		860659211EF1680100990C05 /* Frameworks */ = {
			isa = PBXFrameworksBuildPhase;
			buildActionMask = 2147483647;
			files = (
			);
			runOnlyForDeploymentPostprocessing = 0;
		};
		860659351EF1680100990C05 /* Frameworks */ = {
			isa = PBXFrameworksBuildPhase;
			buildActionMask = 2147483647;
			files = (
			);
			runOnlyForDeploymentPostprocessing = 0;
		};
		860659401EF1680100990C05 /* Frameworks */ = {
			isa = PBXFrameworksBuildPhase;
			buildActionMask = 2147483647;
			files = (
			);
			runOnlyForDeploymentPostprocessing = 0;
		};
/* End PBXFrameworksBuildPhase section */

/* Begin PBXGroup section */
		8606591B1EF1680100990C05 = {
			isa = PBXGroup;
			children = (
				860659261EF1680100990C05 /* VirtualTourist */,
				8606593B1EF1680100990C05 /* VirtualTouristTests */,
				860659461EF1680100990C05 /* VirtualTouristUITests */,
				860659251EF1680100990C05 /* Products */,
			);
			sourceTree = "<group>";
		};
		860659251EF1680100990C05 /* Products */ = {
			isa = PBXGroup;
			children = (
				860659241EF1680100990C05 /* VirtualTourist.app */,
				860659381EF1680100990C05 /* VirtualTouristTests.xctest */,
				860659431EF1680100990C05 /* VirtualTouristUITests.xctest */,
			);
			name = Products;
			sourceTree = "<group>";
		};
		860659261EF1680100990C05 /* VirtualTourist */ = {
			isa = PBXGroup;
			children = (
				86C382921EFB667E00D60013 /* Networking */,
				86C382911EFB665B00D60013 /* CoreData */,
				860659271EF1680100990C05 /* AppDelegate.swift */,
				863E47DA1F65FBDB00F4B6E6 /* AppInfoViewController.swift */,
				860659291EF1680100990C05 /* MapViewController.swift */,
				86E607B81EF4142100F79798 /* AlbumViewController.swift */,
				86DBB9131EF2158900495478 /* ViewController+Extensions.swift */,
				8615B2181EF5FE1000771F31 /* VTAnnotation.swift */,
				8615B2051EF5B63A00771F31 /* PhotoCell.swift */,
				8606592B1EF1680100990C05 /* Main.storyboard */,
				8606592E1EF1680100990C05 /* Assets.xcassets */,
				860659301EF1680100990C05 /* LaunchScreen.storyboard */,
				860659331EF1680100990C05 /* Info.plist */,
			);
			path = VirtualTourist;
			sourceTree = "<group>";
		};
		8606593B1EF1680100990C05 /* VirtualTouristTests */ = {
			isa = PBXGroup;
			children = (
				8606593C1EF1680100990C05 /* VirtualTouristTests.swift */,
				8606593E1EF1680100990C05 /* Info.plist */,
			);
			path = VirtualTouristTests;
			sourceTree = "<group>";
		};
		860659461EF1680100990C05 /* VirtualTouristUITests */ = {
			isa = PBXGroup;
			children = (
				860659471EF1680100990C05 /* VirtualTouristUITests.swift */,
				860659491EF1680100990C05 /* Info.plist */,
			);
			path = VirtualTouristUITests;
			sourceTree = "<group>";
		};
		86C382911EFB665B00D60013 /* CoreData */ = {
			isa = PBXGroup;
			children = (
				8615B2091EF5D4C600771F31 /* VirtualTouristModel.xcdatamodeld */,
				86D293E71F1865F0003DF8B1 /* CoreDataStack.swift */,
				865BAE6C1F1AC1F9001D3C61 /* Pin+CoreDataClass.swift */,
				86C10DC01F368D7C001A2E00 /* Pin+CoreDataProperties.swift */,
				86D293DD1F1865B6003DF8B1 /* Flick+CoreDataClass.swift */,
				86D293DE1F1865B6003DF8B1 /* Flick+CoreDataProperties.swift */,
				86D293DF1F1865B6003DF8B1 /* Coordinate+CoreDataClass.swift */,
				86D293E01F1865B6003DF8B1 /* Coordinate+CoreDataProperties.swift */,
			);
			name = CoreData;
			sourceTree = "<group>";
		};
		86C382921EFB667E00D60013 /* Networking */ = {
			isa = PBXGroup;
			children = (
				86E607B61EF40AB200F79798 /* Networking.swift */,
				86F9B6D51EF4D6250003EA30 /* FlickrAPI.swift */,
			);
			name = Networking;
			sourceTree = "<group>";
		};
/* End PBXGroup section */

/* Begin PBXNativeTarget section */
		860659231EF1680100990C05 /* VirtualTourist */ = {
			isa = PBXNativeTarget;
			buildConfigurationList = 8606594C1EF1680100990C05 /* Build configuration list for PBXNativeTarget "VirtualTourist" */;
			buildPhases = (
				860659201EF1680100990C05 /* Sources */,
				860659211EF1680100990C05 /* Frameworks */,
				860659221EF1680100990C05 /* Resources */,
			);
			buildRules = (
			);
			dependencies = (
			);
			name = VirtualTourist;
			productName = VirtualTourist;
			productReference = 860659241EF1680100990C05 /* VirtualTourist.app */;
			productType = "com.apple.product-type.application";
		};
		860659371EF1680100990C05 /* VirtualTouristTests */ = {
			isa = PBXNativeTarget;
			buildConfigurationList = 8606594F1EF1680100990C05 /* Build configuration list for PBXNativeTarget "VirtualTouristTests" */;
			buildPhases = (
				860659341EF1680100990C05 /* Sources */,
				860659351EF1680100990C05 /* Frameworks */,
				860659361EF1680100990C05 /* Resources */,
			);
			buildRules = (
			);
			dependencies = (
				8606593A1EF1680100990C05 /* PBXTargetDependency */,
			);
			name = VirtualTouristTests;
			productName = VirtualTouristTests;
			productReference = 860659381EF1680100990C05 /* VirtualTouristTests.xctest */;
			productType = "com.apple.product-type.bundle.unit-test";
		};
		860659421EF1680100990C05 /* VirtualTouristUITests */ = {
			isa = PBXNativeTarget;
			buildConfigurationList = 860659521EF1680100990C05 /* Build configuration list for PBXNativeTarget "VirtualTouristUITests" */;
			buildPhases = (
				8606593F1EF1680100990C05 /* Sources */,
				860659401EF1680100990C05 /* Frameworks */,
				860659411EF1680100990C05 /* Resources */,
			);
			buildRules = (
			);
			dependencies = (
				860659451EF1680100990C05 /* PBXTargetDependency */,
			);
			name = VirtualTouristUITests;
			productName = VirtualTouristUITests;
			productReference = 860659431EF1680100990C05 /* VirtualTouristUITests.xctest */;
			productType = "com.apple.product-type.bundle.ui-testing";
		};
/* End PBXNativeTarget section */

/* Begin PBXProject section */
		8606591C1EF1680100990C05 /* Project object */ = {
			isa = PBXProject;
			attributes = {
				LastSwiftUpdateCheck = 0830;
				LastUpgradeCheck = 0900;
				ORGANIZATIONNAME = "Mitch Salcido";
				TargetAttributes = {
					860659231EF1680100990C05 = {
						CreatedOnToolsVersion = 8.3.3;
						DevelopmentTeam = FN5VW63KQX;
						LastSwiftMigration = 0900;
						ProvisioningStyle = Automatic;
					};
					860659371EF1680100990C05 = {
						CreatedOnToolsVersion = 8.3.3;
						LastSwiftMigration = 0900;
						ProvisioningStyle = Automatic;
						TestTargetID = 860659231EF1680100990C05;
					};
					860659421EF1680100990C05 = {
						CreatedOnToolsVersion = 8.3.3;
						LastSwiftMigration = 0900;
						ProvisioningStyle = Automatic;
						TestTargetID = 860659231EF1680100990C05;
					};
				};
			};
			buildConfigurationList = 8606591F1EF1680100990C05 /* Build configuration list for PBXProject "VirtualTourist" */;
			compatibilityVersion = "Xcode 3.2";
			developmentRegion = English;
			hasScannedForEncodings = 0;
			knownRegions = (
				en,
				Base,
			);
			mainGroup = 8606591B1EF1680100990C05;
			productRefGroup = 860659251EF1680100990C05 /* Products */;
			projectDirPath = "";
			projectRoot = "";
			targets = (
				860659231EF1680100990C05 /* VirtualTourist */,
				860659371EF1680100990C05 /* VirtualTouristTests */,
				860659421EF1680100990C05 /* VirtualTouristUITests */,
			);
		};
/* End PBXProject section */

/* Begin PBXResourcesBuildPhase section */
		860659221EF1680100990C05 /* Resources */ = {
			isa = PBXResourcesBuildPhase;
			buildActionMask = 2147483647;
			files = (
				860659321EF1680100990C05 /* LaunchScreen.storyboard in Resources */,
				8606592F1EF1680100990C05 /* Assets.xcassets in Resources */,
				8606592D1EF1680100990C05 /* Main.storyboard in Resources */,
			);
			runOnlyForDeploymentPostprocessing = 0;
		};
		860659361EF1680100990C05 /* Resources */ = {
			isa = PBXResourcesBuildPhase;
			buildActionMask = 2147483647;
			files = (
			);
			runOnlyForDeploymentPostprocessing = 0;
		};
		860659411EF1680100990C05 /* Resources */ = {
			isa = PBXResourcesBuildPhase;
			buildActionMask = 2147483647;
			files = (
			);
			runOnlyForDeploymentPostprocessing = 0;
		};
/* End PBXResourcesBuildPhase section */

/* Begin PBXSourcesBuildPhase section */
		860659201EF1680100990C05 /* Sources */ = {
			isa = PBXSourcesBuildPhase;
			buildActionMask = 2147483647;
			files = (
				863E47DB1F65FBDB00F4B6E6 /* AppInfoViewController.swift in Sources */,
				86D293E41F1865B6003DF8B1 /* Flick+CoreDataProperties.swift in Sources */,
				8606592A1EF1680100990C05 /* MapViewController.swift in Sources */,
				86D293E51F1865B6003DF8B1 /* Coordinate+CoreDataClass.swift in Sources */,
				8615B2191EF5FE1000771F31 /* VTAnnotation.swift in Sources */,
				86DBB9141EF2158900495478 /* ViewController+Extensions.swift in Sources */,
				86D293E81F1865F0003DF8B1 /* CoreDataStack.swift in Sources */,
				865BAE6E1F1AC1F9001D3C61 /* Pin+CoreDataClass.swift in Sources */,
				86D293E31F1865B6003DF8B1 /* Flick+CoreDataClass.swift in Sources */,
				86D293E61F1865B6003DF8B1 /* Coordinate+CoreDataProperties.swift in Sources */,
				86C10DC11F368D7C001A2E00 /* Pin+CoreDataProperties.swift in Sources */,
				860659281EF1680100990C05 /* AppDelegate.swift in Sources */,
				8615B20B1EF5D4C600771F31 /* VirtualTouristModel.xcdatamodeld in Sources */,
				8615B2061EF5B63A00771F31 /* PhotoCell.swift in Sources */,
				86F9B6D61EF4D6250003EA30 /* FlickrAPI.swift in Sources */,
				86E607B91EF4142100F79798 /* AlbumViewController.swift in Sources */,
				86E607B71EF40AB200F79798 /* Networking.swift in Sources */,
			);
			runOnlyForDeploymentPostprocessing = 0;
		};
		860659341EF1680100990C05 /* Sources */ = {
			isa = PBXSourcesBuildPhase;
			buildActionMask = 2147483647;
			files = (
				8606593D1EF1680100990C05 /* VirtualTouristTests.swift in Sources */,
			);
			runOnlyForDeploymentPostprocessing = 0;
		};
		8606593F1EF1680100990C05 /* Sources */ = {
			isa = PBXSourcesBuildPhase;
			buildActionMask = 2147483647;
			files = (
				860659481EF1680100990C05 /* VirtualTouristUITests.swift in Sources */,
			);
			runOnlyForDeploymentPostprocessing = 0;
		};
/* End PBXSourcesBuildPhase section */

/* Begin PBXTargetDependency section */
		8606593A1EF1680100990C05 /* PBXTargetDependency */ = {
			isa = PBXTargetDependency;
			target = 860659231EF1680100990C05 /* VirtualTourist */;
			targetProxy = 860659391EF1680100990C05 /* PBXContainerItemProxy */;
		};
		860659451EF1680100990C05 /* PBXTargetDependency */ = {
			isa = PBXTargetDependency;
			target = 860659231EF1680100990C05 /* VirtualTourist */;
			targetProxy = 860659441EF1680100990C05 /* PBXContainerItemProxy */;
		};
/* End PBXTargetDependency section */

/* Begin PBXVariantGroup section */
		8606592B1EF1680100990C05 /* Main.storyboard */ = {
			isa = PBXVariantGroup;
			children = (
				8606592C1EF1680100990C05 /* Base */,
			);
			name = Main.storyboard;
			sourceTree = "<group>";
		};
		860659301EF1680100990C05 /* LaunchScreen.storyboard */ = {
			isa = PBXVariantGroup;
			children = (
				860659311EF1680100990C05 /* Base */,
			);
			name = LaunchScreen.storyboard;
			sourceTree = "<group>";
		};
/* End PBXVariantGroup section */

/* Begin XCBuildConfiguration section */
		8606594A1EF1680100990C05 /* Debug */ = {
			isa = XCBuildConfiguration;
			buildSettings = {
				ALWAYS_SEARCH_USER_PATHS = NO;
				CLANG_ANALYZER_NONNULL = YES;
				CLANG_ANALYZER_NUMBER_OBJECT_CONVERSION = YES_AGGRESSIVE;
				CLANG_CXX_LANGUAGE_STANDARD = "gnu++0x";
				CLANG_CXX_LIBRARY = "libc++";
				CLANG_ENABLE_MODULES = YES;
				CLANG_ENABLE_OBJC_ARC = YES;
				CLANG_WARN_BLOCK_CAPTURE_AUTORELEASING = YES;
				CLANG_WARN_BOOL_CONVERSION = YES;
				CLANG_WARN_COMMA = YES;
				CLANG_WARN_CONSTANT_CONVERSION = YES;
				CLANG_WARN_DIRECT_OBJC_ISA_USAGE = YES_ERROR;
				CLANG_WARN_DOCUMENTATION_COMMENTS = YES;
				CLANG_WARN_EMPTY_BODY = YES;
				CLANG_WARN_ENUM_CONVERSION = YES;
				CLANG_WARN_INFINITE_RECURSION = YES;
				CLANG_WARN_INT_CONVERSION = YES;
				CLANG_WARN_NON_LITERAL_NULL_CONVERSION = YES;
				CLANG_WARN_OBJC_LITERAL_CONVERSION = YES;
				CLANG_WARN_OBJC_ROOT_CLASS = YES_ERROR;
				CLANG_WARN_RANGE_LOOP_ANALYSIS = YES;
				CLANG_WARN_STRICT_PROTOTYPES = YES;
				CLANG_WARN_SUSPICIOUS_MOVE = YES;
				CLANG_WARN_UNREACHABLE_CODE = YES;
				CLANG_WARN__DUPLICATE_METHOD_MATCH = YES;
				"CODE_SIGN_IDENTITY[sdk=iphoneos*]" = "iPhone Developer";
				COPY_PHASE_STRIP = NO;
				DEBUG_INFORMATION_FORMAT = dwarf;
				ENABLE_STRICT_OBJC_MSGSEND = YES;
				ENABLE_TESTABILITY = YES;
				GCC_C_LANGUAGE_STANDARD = gnu99;
				GCC_DYNAMIC_NO_PIC = NO;
				GCC_NO_COMMON_BLOCKS = YES;
				GCC_OPTIMIZATION_LEVEL = 0;
				GCC_PREPROCESSOR_DEFINITIONS = (
					"DEBUG=1",
					"$(inherited)",
				);
				GCC_WARN_64_TO_32_BIT_CONVERSION = YES;
				GCC_WARN_ABOUT_RETURN_TYPE = YES_ERROR;
				GCC_WARN_UNDECLARED_SELECTOR = YES;
				GCC_WARN_UNINITIALIZED_AUTOS = YES_AGGRESSIVE;
				GCC_WARN_UNUSED_FUNCTION = YES;
				GCC_WARN_UNUSED_VARIABLE = YES;
				IPHONEOS_DEPLOYMENT_TARGET = 11.0;
				MTL_ENABLE_DEBUG_INFO = YES;
				ONLY_ACTIVE_ARCH = YES;
				SDKROOT = iphoneos;
				SWIFT_ACTIVE_COMPILATION_CONDITIONS = DEBUG;
				SWIFT_OPTIMIZATION_LEVEL = "-Onone";
			};
			name = Debug;
		};
		8606594B1EF1680100990C05 /* Release */ = {
			isa = XCBuildConfiguration;
			buildSettings = {
				ALWAYS_SEARCH_USER_PATHS = NO;
				CLANG_ANALYZER_NONNULL = YES;
				CLANG_ANALYZER_NUMBER_OBJECT_CONVERSION = YES_AGGRESSIVE;
				CLANG_CXX_LANGUAGE_STANDARD = "gnu++0x";
				CLANG_CXX_LIBRARY = "libc++";
				CLANG_ENABLE_MODULES = YES;
				CLANG_ENABLE_OBJC_ARC = YES;
				CLANG_WARN_BLOCK_CAPTURE_AUTORELEASING = YES;
				CLANG_WARN_BOOL_CONVERSION = YES;
				CLANG_WARN_COMMA = YES;
				CLANG_WARN_CONSTANT_CONVERSION = YES;
				CLANG_WARN_DIRECT_OBJC_ISA_USAGE = YES_ERROR;
				CLANG_WARN_DOCUMENTATION_COMMENTS = YES;
				CLANG_WARN_EMPTY_BODY = YES;
				CLANG_WARN_ENUM_CONVERSION = YES;
				CLANG_WARN_INFINITE_RECURSION = YES;
				CLANG_WARN_INT_CONVERSION = YES;
				CLANG_WARN_NON_LITERAL_NULL_CONVERSION = YES;
				CLANG_WARN_OBJC_LITERAL_CONVERSION = YES;
				CLANG_WARN_OBJC_ROOT_CLASS = YES_ERROR;
				CLANG_WARN_RANGE_LOOP_ANALYSIS = YES;
				CLANG_WARN_STRICT_PROTOTYPES = YES;
				CLANG_WARN_SUSPICIOUS_MOVE = YES;
				CLANG_WARN_UNREACHABLE_CODE = YES;
				CLANG_WARN__DUPLICATE_METHOD_MATCH = YES;
				"CODE_SIGN_IDENTITY[sdk=iphoneos*]" = "iPhone Developer";
				COPY_PHASE_STRIP = NO;
				DEBUG_INFORMATION_FORMAT = "dwarf-with-dsym";
				ENABLE_NS_ASSERTIONS = NO;
				ENABLE_STRICT_OBJC_MSGSEND = YES;
				GCC_C_LANGUAGE_STANDARD = gnu99;
				GCC_NO_COMMON_BLOCKS = YES;
				GCC_WARN_64_TO_32_BIT_CONVERSION = YES;
				GCC_WARN_ABOUT_RETURN_TYPE = YES_ERROR;
				GCC_WARN_UNDECLARED_SELECTOR = YES;
				GCC_WARN_UNINITIALIZED_AUTOS = YES_AGGRESSIVE;
				GCC_WARN_UNUSED_FUNCTION = YES;
				GCC_WARN_UNUSED_VARIABLE = YES;
				IPHONEOS_DEPLOYMENT_TARGET = 11.0;
				MTL_ENABLE_DEBUG_INFO = NO;
				SDKROOT = iphoneos;
				SWIFT_OPTIMIZATION_LEVEL = "-Owholemodule";
				VALIDATE_PRODUCT = YES;
			};
			name = Release;
		};
		8606594D1EF1680100990C05 /* Debug */ = {
			isa = XCBuildConfiguration;
			buildSettings = {
				ASSETCATALOG_COMPILER_APPICON_NAME = AppIcon;
				CLANG_ENABLE_MODULES = YES;
				DEVELOPMENT_TEAM = FN5VW63KQX;
				INFOPLIST_FILE = VirtualTourist/Info.plist;
				LD_RUNPATH_SEARCH_PATHS = "$(inherited) @executable_path/Frameworks";
				PRODUCT_BUNDLE_IDENTIFIER = com.mitchsalcido.VirtualTourist;
				PRODUCT_NAME = "$(TARGET_NAME)";
				SWIFT_OPTIMIZATION_LEVEL = "-Onone";
				SWIFT_SWIFT3_OBJC_INFERENCE = Off;
				SWIFT_VERSION = 4.0;
			};
			name = Debug;
		};
		8606594E1EF1680100990C05 /* Release */ = {
			isa = XCBuildConfiguration;
			buildSettings = {
				ASSETCATALOG_COMPILER_APPICON_NAME = AppIcon;
				CLANG_ENABLE_MODULES = YES;
				DEVELOPMENT_TEAM = FN5VW63KQX;
				INFOPLIST_FILE = VirtualTourist/Info.plist;
				LD_RUNPATH_SEARCH_PATHS = "$(inherited) @executable_path/Frameworks";
				PRODUCT_BUNDLE_IDENTIFIER = com.mitchsalcido.VirtualTourist;
				PRODUCT_NAME = "$(TARGET_NAME)";
				SWIFT_SWIFT3_OBJC_INFERENCE = Off;
				SWIFT_VERSION = 4.0;
			};
			name = Release;
		};
		860659501EF1680100990C05 /* Debug */ = {
			isa = XCBuildConfiguration;
			buildSettings = {
				ALWAYS_EMBED_SWIFT_STANDARD_LIBRARIES = YES;
				BUNDLE_LOADER = "$(TEST_HOST)";
				INFOPLIST_FILE = VirtualTouristTests/Info.plist;
				LD_RUNPATH_SEARCH_PATHS = "$(inherited) @executable_path/Frameworks @loader_path/Frameworks";
				PRODUCT_BUNDLE_IDENTIFIER = com.mitchsalcido.VirtualTouristTests;
				PRODUCT_NAME = "$(TARGET_NAME)";
				SWIFT_SWIFT3_OBJC_INFERENCE = Off;
				SWIFT_VERSION = 4.0;
				TEST_HOST = "$(BUILT_PRODUCTS_DIR)/VirtualTourist.app/VirtualTourist";
			};
			name = Debug;
		};
		860659511EF1680100990C05 /* Release */ = {
			isa = XCBuildConfiguration;
			buildSettings = {
				ALWAYS_EMBED_SWIFT_STANDARD_LIBRARIES = YES;
				BUNDLE_LOADER = "$(TEST_HOST)";
				INFOPLIST_FILE = VirtualTouristTests/Info.plist;
				LD_RUNPATH_SEARCH_PATHS = "$(inherited) @executable_path/Frameworks @loader_path/Frameworks";
				PRODUCT_BUNDLE_IDENTIFIER = com.mitchsalcido.VirtualTouristTests;
				PRODUCT_NAME = "$(TARGET_NAME)";
				SWIFT_SWIFT3_OBJC_INFERENCE = Off;
				SWIFT_VERSION = 4.0;
				TEST_HOST = "$(BUILT_PRODUCTS_DIR)/VirtualTourist.app/VirtualTourist";
			};
			name = Release;
		};
		860659531EF1680100990C05 /* Debug */ = {
			isa = XCBuildConfiguration;
			buildSettings = {
				ALWAYS_EMBED_SWIFT_STANDARD_LIBRARIES = YES;
				INFOPLIST_FILE = VirtualTouristUITests/Info.plist;
				LD_RUNPATH_SEARCH_PATHS = "$(inherited) @executable_path/Frameworks @loader_path/Frameworks";
				PRODUCT_BUNDLE_IDENTIFIER = com.mitchsalcido.VirtualTouristUITests;
				PRODUCT_NAME = "$(TARGET_NAME)";
				SWIFT_SWIFT3_OBJC_INFERENCE = Off;
				SWIFT_VERSION = 4.0;
				TEST_TARGET_NAME = VirtualTourist;
			};
			name = Debug;
		};
		860659541EF1680100990C05 /* Release */ = {
			isa = XCBuildConfiguration;
			buildSettings = {
				ALWAYS_EMBED_SWIFT_STANDARD_LIBRARIES = YES;
				INFOPLIST_FILE = VirtualTouristUITests/Info.plist;
				LD_RUNPATH_SEARCH_PATHS = "$(inherited) @executable_path/Frameworks @loader_path/Frameworks";
				PRODUCT_BUNDLE_IDENTIFIER = com.mitchsalcido.VirtualTouristUITests;
				PRODUCT_NAME = "$(TARGET_NAME)";
				SWIFT_SWIFT3_OBJC_INFERENCE = Off;
				SWIFT_VERSION = 4.0;
				TEST_TARGET_NAME = VirtualTourist;
			};
			name = Release;
		};
/* End XCBuildConfiguration section */

/* Begin XCConfigurationList section */
		8606591F1EF1680100990C05 /* Build configuration list for PBXProject "VirtualTourist" */ = {
			isa = XCConfigurationList;
			buildConfigurations = (
				8606594A1EF1680100990C05 /* Debug */,
				8606594B1EF1680100990C05 /* Release */,
			);
			defaultConfigurationIsVisible = 0;
			defaultConfigurationName = Release;
		};
		8606594C1EF1680100990C05 /* Build configuration list for PBXNativeTarget "VirtualTourist" */ = {
			isa = XCConfigurationList;
			buildConfigurations = (
				8606594D1EF1680100990C05 /* Debug */,
				8606594E1EF1680100990C05 /* Release */,
			);
			defaultConfigurationIsVisible = 0;
			defaultConfigurationName = Release;
		};
		8606594F1EF1680100990C05 /* Build configuration list for PBXNativeTarget "VirtualTouristTests" */ = {
			isa = XCConfigurationList;
			buildConfigurations = (
				860659501EF1680100990C05 /* Debug */,
				860659511EF1680100990C05 /* Release */,
			);
			defaultConfigurationIsVisible = 0;
			defaultConfigurationName = Release;
		};
		860659521EF1680100990C05 /* Build configuration list for PBXNativeTarget "VirtualTouristUITests" */ = {
			isa = XCConfigurationList;
			buildConfigurations = (
				860659531EF1680100990C05 /* Debug */,
				860659541EF1680100990C05 /* Release */,
			);
			defaultConfigurationIsVisible = 0;
			defaultConfigurationName = Release;
		};
/* End XCConfigurationList section */

/* Begin XCVersionGroup section */
		8615B2091EF5D4C600771F31 /* VirtualTouristModel.xcdatamodeld */ = {
			isa = XCVersionGroup;
			children = (
				8615B20A1EF5D4C600771F31 /* VirtualTouristModel.xcdatamodel */,
			);
			currentVersion = 8615B20A1EF5D4C600771F31 /* VirtualTouristModel.xcdatamodel */;
			path = VirtualTouristModel.xcdatamodeld;
			sourceTree = "<group>";
			versionGroupType = wrapper.xcdatamodel;
		};
/* End XCVersionGroup section */
	};
	rootObject = 8606591C1EF1680100990C05 /* Project object */;
}
